
Microsoft Visual Studio Solution File, Format Version 12.00
# Visual Studio Version 17
VisualStudioVersion = 17.6.33723.286
MinimumVisualStudioVersion = 10.0.40219.1
Project("{FAE04EC0-301F-11D3-BF4B-00C04F79EFBC}") = "WebApplication_SchneiderElectric", "WebApplication_SchneiderElectric\WebApplication_SchneiderElectric.csproj", "{E95E896E-DE0C-4820-A668-E05CB6EBD49B}"
EndProject
Global
	GlobalSection(SolutionConfigurationPlatforms) = preSolution
		Debug|Any CPU = Debug|Any CPU
		Release|Any CPU = Release|Any CPU
	EndGlobalSection
	GlobalSection(ProjectConfigurationPlatforms) = postSolution
		{E95E896E-DE0C-4820-A668-E05CB6EBD49B}.Debug|Any CPU.ActiveCfg = Debug|Any CPU
		{E95E896E-DE0C-4820-A668-E05CB6EBD49B}.Debug|Any CPU.Build.0 = Debug|Any CPU
		{E95E896E-DE0C-4820-A668-E05CB6EBD49B}.Release|Any CPU.ActiveCfg = Release|Any CPU
		{E95E896E-DE0C-4820-A668-E05CB6EBD49B}.Release|Any CPU.Build.0 = Release|Any CPU
	EndGlobalSection
	GlobalSection(SolutionProperties) = preSolution
		HideSolutionNode = FALSE
	EndGlobalSection
	GlobalSection(ExtensibilityGlobals) = postSolution
		SolutionGuid = {B59F9CA5-836F-4E49-8834-B700B4C8227A}
	EndGlobalSection
EndGlobal
